// !$*UTF8*$!
{
	archiveVersion = 1;
	classes = {
	};
	objectVersion = 46;
	objects = {

/* Begin PBXBuildFile section */
		6499D1D61EB042DB00509D40 /* main.m in Sources */ = {isa = PBXBuildFile; fileRef = 6499D1D51EB042DB00509D40 /* main.m */; };
		6499D1D91EB042DB00509D40 /* AppDelegate.m in Sources */ = {isa = PBXBuildFile; fileRef = 6499D1D81EB042DB00509D40 /* AppDelegate.m */; };
		6499D1DF1EB042DB00509D40 /* Main.storyboard in Resources */ = {isa = PBXBuildFile; fileRef = 6499D1DD1EB042DB00509D40 /* Main.storyboard */; };
		6499D1E11EB042DB00509D40 /* Assets.xcassets in Resources */ = {isa = PBXBuildFile; fileRef = 6499D1E01EB042DB00509D40 /* Assets.xcassets */; };
		6499D1E41EB042DB00509D40 /* LaunchScreen.storyboard in Resources */ = {isa = PBXBuildFile; fileRef = 6499D1E21EB042DB00509D40 /* LaunchScreen.storyboard */; };
		6499D1ED1EB044FC00509D40 /* AlbumsTableViewController.m in Sources */ = {isa = PBXBuildFile; fileRef = 6499D1EC1EB044FC00509D40 /* AlbumsTableViewController.m */; };
		6499D1F21EB0453E00509D40 /* ArtistTableViewCell.m in Sources */ = {isa = PBXBuildFile; fileRef = 6499D1F11EB0453E00509D40 /* ArtistTableViewCell.m */; };
		6499D1F51EB0455300509D40 /* AlbumDetailViewController.m in Sources */ = {isa = PBXBuildFile; fileRef = 6499D1F41EB0455300509D40 /* AlbumDetailViewController.m */; };
		6499D1FC1EB047C000509D40 /* Album.m in Sources */ = {isa = PBXBuildFile; fileRef = 6499D1FB1EB047C000509D40 /* Album.m */; };
		6499D1FF1EB04A3E00509D40 /* Model.m in Sources */ = {isa = PBXBuildFile; fileRef = 6499D1FE1EB04A3E00509D40 /* Model.m */; };
		6499D2021EB0581E00509D40 /* AlbumDetailTableViewCell.m in Sources */ = {isa = PBXBuildFile; fileRef = 6499D2011EB0581E00509D40 /* AlbumDetailTableViewCell.m */; };
/* End PBXBuildFile section */

/* Begin PBXFileReference section */
		6499D1D11EB042DB00509D40 /* ThinkriteTest.app */ = {isa = PBXFileReference; explicitFileType = wrapper.application; includeInIndex = 0; path = ThinkriteTest.app; sourceTree = BUILT_PRODUCTS_DIR; };
		6499D1D51EB042DB00509D40 /* main.m */ = {isa = PBXFileReference; lastKnownFileType = sourcecode.c.objc; path = main.m; sourceTree = "<group>"; };
		6499D1D71EB042DB00509D40 /* AppDelegate.h */ = {isa = PBXFileReference; lastKnownFileType = sourcecode.c.h; path = AppDelegate.h; sourceTree = "<group>"; };
		6499D1D81EB042DB00509D40 /* AppDelegate.m */ = {isa = PBXFileReference; lastKnownFileType = sourcecode.c.objc; path = AppDelegate.m; sourceTree = "<group>"; };
		6499D1DE1EB042DB00509D40 /* Base */ = {isa = PBXFileReference; lastKnownFileType = file.storyboard; name = Base; path = Base.lproj/Main.storyboard; sourceTree = "<group>"; };
		6499D1E01EB042DB00509D40 /* Assets.xcassets */ = {isa = PBXFileReference; lastKnownFileType = folder.assetcatalog; path = Assets.xcassets; sourceTree = "<group>"; };
		6499D1E31EB042DB00509D40 /* Base */ = {isa = PBXFileReference; lastKnownFileType = file.storyboard; name = Base; path = Base.lproj/LaunchScreen.storyboard; sourceTree = "<group>"; };
		6499D1E51EB042DB00509D40 /* Info.plist */ = {isa = PBXFileReference; lastKnownFileType = text.plist.xml; path = Info.plist; sourceTree = "<group>"; };
		6499D1EB1EB044FC00509D40 /* AlbumsTableViewController.h */ = {isa = PBXFileReference; fileEncoding = 4; lastKnownFileType = sourcecode.c.h; name = AlbumsTableViewController.h; path = ViewControllers/AlbumsTableViewController.h; sourceTree = "<group>"; };
		6499D1EC1EB044FC00509D40 /* AlbumsTableViewController.m */ = {isa = PBXFileReference; fileEncoding = 4; lastKnownFileType = sourcecode.c.objc; name = AlbumsTableViewController.m; path = ViewControllers/AlbumsTableViewController.m; sourceTree = "<group>"; };
		6499D1F01EB0453E00509D40 /* ArtistTableViewCell.h */ = {isa = PBXFileReference; fileEncoding = 4; lastKnownFileType = sourcecode.c.h; path = ArtistTableViewCell.h; sourceTree = "<group>"; };
		6499D1F11EB0453E00509D40 /* ArtistTableViewCell.m */ = {isa = PBXFileReference; fileEncoding = 4; lastKnownFileType = sourcecode.c.objc; path = ArtistTableViewCell.m; sourceTree = "<group>"; };
		6499D1F31EB0455300509D40 /* AlbumDetailViewController.h */ = {isa = PBXFileReference; fileEncoding = 4; lastKnownFileType = sourcecode.c.h; path = AlbumDetailViewController.h; sourceTree = "<group>"; };
		6499D1F41EB0455300509D40 /* AlbumDetailViewController.m */ = {isa = PBXFileReference; fileEncoding = 4; lastKnownFileType = sourcecode.c.objc; path = AlbumDetailViewController.m; sourceTree = "<group>"; };
		6499D1FA1EB047C000509D40 /* Album.h */ = {isa = PBXFileReference; fileEncoding = 4; lastKnownFileType = sourcecode.c.h; path = Album.h; sourceTree = "<group>"; };
		6499D1FB1EB047C000509D40 /* Album.m */ = {isa = PBXFileReference; fileEncoding = 4; lastKnownFileType = sourcecode.c.objc; path = Album.m; sourceTree = "<group>"; };
		6499D1FD1EB04A3E00509D40 /* Model.h */ = {isa = PBXFileReference; fileEncoding = 4; lastKnownFileType = sourcecode.c.h; path = Model.h; sourceTree = "<group>"; };
		6499D1FE1EB04A3E00509D40 /* Model.m */ = {isa = PBXFileReference; fileEncoding = 4; lastKnownFileType = sourcecode.c.objc; path = Model.m; sourceTree = "<group>"; };
		6499D2001EB0581E00509D40 /* AlbumDetailTableViewCell.h */ = {isa = PBXFileReference; fileEncoding = 4; lastKnownFileType = sourcecode.c.h; path = AlbumDetailTableViewCell.h; sourceTree = "<group>"; };
		6499D2011EB0581E00509D40 /* AlbumDetailTableViewCell.m */ = {isa = PBXFileReference; fileEncoding = 4; lastKnownFileType = sourcecode.c.objc; path = AlbumDetailTableViewCell.m; sourceTree = "<group>"; };
/* End PBXFileReference section */

/* Begin PBXFrameworksBuildPhase section */
		6499D1CE1EB042DB00509D40 /* Frameworks */ = {
			isa = PBXFrameworksBuildPhase;
			buildActionMask = 2147483647;
			files = (
			);
			runOnlyForDeploymentPostprocessing = 0;
		};
/* End PBXFrameworksBuildPhase section */

/* Begin PBXGroup section */
		6499D1C81EB042DB00509D40 = {
			isa = PBXGroup;
			children = (
				6499D1D31EB042DB00509D40 /* ThinkriteTest */,
				6499D1D21EB042DB00509D40 /* Products */,
			);
			sourceTree = "<group>";
		};
		6499D1D21EB042DB00509D40 /* Products */ = {
			isa = PBXGroup;
			children = (
				6499D1D11EB042DB00509D40 /* ThinkriteTest.app */,
			);
			name = Products;
			sourceTree = "<group>";
		};
		6499D1D31EB042DB00509D40 /* ThinkriteTest */ = {
			isa = PBXGroup;
			children = (
				6499D1D71EB042DB00509D40 /* AppDelegate.h */,
				6499D1D81EB042DB00509D40 /* AppDelegate.m */,
				6499D1F91EB0479D00509D40 /* Model */,
				6499D1EE1EB0450B00509D40 /* View Controllers */,
				6499D1EF1EB0451700509D40 /* Views */,
				6499D1E01EB042DB00509D40 /* Assets.xcassets */,
				6499D1E51EB042DB00509D40 /* Info.plist */,
				6499D1D41EB042DB00509D40 /* Supporting Files */,
			);
			path = ThinkriteTest;
			sourceTree = "<group>";
		};
		6499D1D41EB042DB00509D40 /* Supporting Files */ = {
			isa = PBXGroup;
			children = (
				6499D1D51EB042DB00509D40 /* main.m */,
			);
			name = "Supporting Files";
			sourceTree = "<group>";
		};
		6499D1EE1EB0450B00509D40 /* View Controllers */ = {
			isa = PBXGroup;
			children = (
				6499D1EB1EB044FC00509D40 /* AlbumsTableViewController.h */,
				6499D1EC1EB044FC00509D40 /* AlbumsTableViewController.m */,
				6499D1F31EB0455300509D40 /* AlbumDetailViewController.h */,
				6499D1F41EB0455300509D40 /* AlbumDetailViewController.m */,
			);
			name = "View Controllers";
			sourceTree = "<group>";
		};
		6499D1EF1EB0451700509D40 /* Views */ = {
			isa = PBXGroup;
			children = (
				6499D1DD1EB042DB00509D40 /* Main.storyboard */,
				6499D1E21EB042DB00509D40 /* LaunchScreen.storyboard */,
				6499D1F01EB0453E00509D40 /* ArtistTableViewCell.h */,
				6499D1F11EB0453E00509D40 /* ArtistTableViewCell.m */,
				6499D2001EB0581E00509D40 /* AlbumDetailTableViewCell.h */,
				6499D2011EB0581E00509D40 /* AlbumDetailTableViewCell.m */,
			);
			name = Views;
			sourceTree = "<group>";
		};
		6499D1F91EB0479D00509D40 /* Model */ = {
			isa = PBXGroup;
			children = (
				6499D1FA1EB047C000509D40 /* Album.h */,
				6499D1FB1EB047C000509D40 /* Album.m */,
				6499D1FD1EB04A3E00509D40 /* Model.h */,
				6499D1FE1EB04A3E00509D40 /* Model.m */,
			);
			name = Model;
			sourceTree = "<group>";
		};
/* End PBXGroup section */

/* Begin PBXNativeTarget section */
		6499D1D01EB042DB00509D40 /* ThinkriteTest */ = {
			isa = PBXNativeTarget;
			buildConfigurationList = 6499D1E81EB042DB00509D40 /* Build configuration list for PBXNativeTarget "ThinkriteTest" */;
			buildPhases = (
				6499D1CD1EB042DB00509D40 /* Sources */,
				6499D1CE1EB042DB00509D40 /* Frameworks */,
				6499D1CF1EB042DB00509D40 /* Resources */,
			);
			buildRules = (
			);
			dependencies = (
			);
			name = ThinkriteTest;
			productName = ThinkriteTest;
			productReference = 6499D1D11EB042DB00509D40 /* ThinkriteTest.app */;
			productType = "com.apple.product-type.application";
		};
/* End PBXNativeTarget section */

/* Begin PBXProject section */
		6499D1C91EB042DB00509D40 /* Project object */ = {
			isa = PBXProject;
			attributes = {
				LastUpgradeCheck = 0820;
				ORGANIZATIONNAME = bsantanas;
				TargetAttributes = {
					6499D1D01EB042DB00509D40 = {
						CreatedOnToolsVersion = 8.2.1;
						DevelopmentTeam = P4486LXQ42;
						ProvisioningStyle = Automatic;
					};
				};
			};
			buildConfigurationList = 6499D1CC1EB042DB00509D40 /* Build configuration list for PBXProject "ThinkriteTest" */;
			compatibilityVersion = "Xcode 3.2";
			developmentRegion = English;
			hasScannedForEncodings = 0;
			knownRegions = (
				en,
				Base,
			);
			mainGroup = 6499D1C81EB042DB00509D40;
			productRefGroup = 6499D1D21EB042DB00509D40 /* Products */;
			projectDirPath = "";
			projectRoot = "";
			targets = (
				6499D1D01EB042DB00509D40 /* ThinkriteTest */,
			);
		};
/* End PBXProject section */

/* Begin PBXResourcesBuildPhase section */
		6499D1CF1EB042DB00509D40 /* Resources */ = {
			isa = PBXResourcesBuildPhase;
			buildActionMask = 2147483647;
			files = (
				6499D1E41EB042DB00509D40 /* LaunchScreen.storyboard in Resources */,
				6499D1E11EB042DB00509D40 /* Assets.xcassets in Resources */,
				6499D1DF1EB042DB00509D40 /* Main.storyboard in Resources */,
			);
			runOnlyForDeploymentPostprocessing = 0;
		};
/* End PBXResourcesBuildPhase section */

/* Begin PBXSourcesBuildPhase section */
		6499D1CD1EB042DB00509D40 /* Sources */ = {
			isa = PBXSourcesBuildPhase;
			buildActionMask = 2147483647;
			files = (
				6499D1D91EB042DB00509D40 /* AppDelegate.m in Sources */,
				6499D1ED1EB044FC00509D40 /* AlbumsTableViewController.m in Sources */,
				6499D1F21EB0453E00509D40 /* ArtistTableViewCell.m in Sources */,
				6499D1FC1EB047C000509D40 /* Album.m in Sources */,
				6499D2021EB0581E00509D40 /* AlbumDetailTableViewCell.m in Sources */,
				6499D1FF1EB04A3E00509D40 /* Model.m in Sources */,
				6499D1D61EB042DB00509D40 /* main.m in Sources */,
				6499D1F51EB0455300509D40 /* AlbumDetailViewController.m in Sources */,
			);
			runOnlyForDeploymentPostprocessing = 0;
		};
/* End PBXSourcesBuildPhase section */

/* Begin PBXVariantGroup section */
		6499D1DD1EB042DB00509D40 /* Main.storyboard */ = {
			isa = PBXVariantGroup;
			children = (
				6499D1DE1EB042DB00509D40 /* Base */,
			);
			name = Main.storyboard;
			sourceTree = "<group>";
		};
		6499D1E21EB042DB00509D40 /* LaunchScreen.storyboard */ = {
			isa = PBXVariantGroup;
			children = (
				6499D1E31EB042DB00509D40 /* Base */,
			);
			name = LaunchScreen.storyboard;
			sourceTree = "<group>";
		};
/* End PBXVariantGroup section */

/* Begin XCBuildConfiguration section */
		6499D1E61EB042DB00509D40 /* Debug */ = {
			isa = XCBuildConfiguration;
			buildSettings = {
				ALWAYS_SEARCH_USER_PATHS = NO;
				CLANG_ANALYZER_NONNULL = YES;
				CLANG_CXX_LANGUAGE_STANDARD = "gnu++0x";
				CLANG_CXX_LIBRARY = "libc++";
				CLANG_ENABLE_MODULES = YES;
				CLANG_ENABLE_OBJC_ARC = YES;
				CLANG_WARN_BOOL_CONVERSION = YES;
				CLANG_WARN_CONSTANT_CONVERSION = YES;
				CLANG_WARN_DIRECT_OBJC_ISA_USAGE = YES_ERROR;
				CLANG_WARN_DOCUMENTATION_COMMENTS = YES;
				CLANG_WARN_EMPTY_BODY = YES;
				CLANG_WARN_ENUM_CONVERSION = YES;
				CLANG_WARN_INFINITE_RECURSION = YES;
				CLANG_WARN_INT_CONVERSION = YES;
				CLANG_WARN_OBJC_ROOT_CLASS = YES_ERROR;
				CLANG_WARN_SUSPICIOUS_MOVE = YES;
				CLANG_WARN_UNREACHABLE_CODE = YES;
				CLANG_WARN__DUPLICATE_METHOD_MATCH = YES;
				"CODE_SIGN_IDENTITY[sdk=iphoneos*]" = "iPhone Developer";
				COPY_PHASE_STRIP = NO;
				DEBUG_INFORMATION_FORMAT = dwarf;
				ENABLE_STRICT_OBJC_MSGSEND = YES;
				ENABLE_TESTABILITY = YES;
				GCC_C_LANGUAGE_STANDARD = gnu99;
				GCC_DYNAMIC_NO_PIC = NO;
				GCC_NO_COMMON_BLOCKS = YES;
				GCC_OPTIMIZATION_LEVEL = 0;
				GCC_PREPROCESSOR_DEFINITIONS = (
					"DEBUG=1",
					"$(inherited)",
				);
				GCC_WARN_64_TO_32_BIT_CONVERSION = YES;
				GCC_WARN_ABOUT_RETURN_TYPE = YES_ERROR;
				GCC_WARN_UNDECLARED_SELECTOR = YES;
				GCC_WARN_UNINITIALIZED_AUTOS = YES_AGGRESSIVE;
				GCC_WARN_UNUSED_FUNCTION = YES;
				GCC_WARN_UNUSED_VARIABLE = YES;
				IPHONEOS_DEPLOYMENT_TARGET = 10.2;
				MTL_ENABLE_DEBUG_INFO = YES;
				ONLY_ACTIVE_ARCH = YES;
				SDKROOT = iphoneos;
				TARGETED_DEVICE_FAMILY = "1,2";
			};
			name = Debug;
		};
		6499D1E71EB042DB00509D40 /* Release */ = {
			isa = XCBuildConfiguration;
			buildSettings = {
				ALWAYS_SEARCH_USER_PATHS = NO;
				CLANG_ANALYZER_NONNULL = YES;
				CLANG_CXX_LANGUAGE_STANDARD = "gnu++0x";
				CLANG_CXX_LIBRARY = "libc++";
				CLANG_ENABLE_MODULES = YES;
				CLANG_ENABLE_OBJC_ARC = YES;
				CLANG_WARN_BOOL_CONVERSION = YES;
				CLANG_WARN_CONSTANT_CONVERSION = YES;
				CLANG_WARN_DIRECT_OBJC_ISA_USAGE = YES_ERROR;
				CLANG_WARN_DOCUMENTATION_COMMENTS = YES;
				CLANG_WARN_EMPTY_BODY = YES;
				CLANG_WARN_ENUM_CONVERSION = YES;
				CLANG_WARN_INFINITE_RECURSION = YES;
				CLANG_WARN_INT_CONVERSION = YES;
				CLANG_WARN_OBJC_ROOT_CLASS = YES_ERROR;
				CLANG_WARN_SUSPICIOUS_MOVE = YES;
				CLANG_WARN_UNREACHABLE_CODE = YES;
				CLANG_WARN__DUPLICATE_METHOD_MATCH = YES;
				"CODE_SIGN_IDENTITY[sdk=iphoneos*]" = "iPhone Developer";
				COPY_PHASE_STRIP = NO;
				DEBUG_INFORMATION_FORMAT = "dwarf-with-dsym";
				ENABLE_NS_ASSERTIONS = NO;
				ENABLE_STRICT_OBJC_MSGSEND = YES;
				GCC_C_LANGUAGE_STANDARD = gnu99;
				GCC_NO_COMMON_BLOCKS = YES;
				GCC_WARN_64_TO_32_BIT_CONVERSION = YES;
				GCC_WARN_ABOUT_RETURN_TYPE = YES_ERROR;
				GCC_WARN_UNDECLARED_SELECTOR = YES;
				GCC_WARN_UNINITIALIZED_AUTOS = YES_AGGRESSIVE;
				GCC_WARN_UNUSED_FUNCTION = YES;
				GCC_WARN_UNUSED_VARIABLE = YES;
				IPHONEOS_DEPLOYMENT_TARGET = 10.2;
				MTL_ENABLE_DEBUG_INFO = NO;
				SDKROOT = iphoneos;
				TARGETED_DEVICE_FAMILY = "1,2";
				VALIDATE_PRODUCT = YES;
			};
			name = Release;
		};
		6499D1E91EB042DB00509D40 /* Debug */ = {
			isa = XCBuildConfiguration;
			buildSettings = {
				ASSETCATALOG_COMPILER_APPICON_NAME = AppIcon;
				DEVELOPMENT_TEAM = P4486LXQ42;
				INFOPLIST_FILE = ThinkriteTest/Info.plist;
				LD_RUNPATH_SEARCH_PATHS = "$(inherited) @executable_path/Frameworks";
				PRODUCT_BUNDLE_IDENTIFIER = com.bsantanas.ThinkriteTest;
				PRODUCT_NAME = "$(TARGET_NAME)";
			};
			name = Debug;
		};
		6499D1EA1EB042DB00509D40 /* Release */ = {
			isa = XCBuildConfiguration;
			buildSettings = {
				ASSETCATALOG_COMPILER_APPICON_NAME = AppIcon;
				DEVELOPMENT_TEAM = P4486LXQ42;
				INFOPLIST_FILE = ThinkriteTest/Info.plist;
				LD_RUNPATH_SEARCH_PATHS = "$(inherited) @executable_path/Frameworks";
				PRODUCT_BUNDLE_IDENTIFIER = com.bsantanas.ThinkriteTest;
				PRODUCT_NAME = "$(TARGET_NAME)";
			};
			name = Release;
		};
/* End XCBuildConfiguration section */

/* Begin XCConfigurationList section */
		6499D1CC1EB042DB00509D40 /* Build configuration list for PBXProject "ThinkriteTest" */ = {
			isa = XCConfigurationList;
			buildConfigurations = (
				6499D1E61EB042DB00509D40 /* Debug */,
				6499D1E71EB042DB00509D40 /* Release */,
			);
			defaultConfigurationIsVisible = 0;
			defaultConfigurationName = Release;
		};
		6499D1E81EB042DB00509D40 /* Build configuration list for PBXNativeTarget "ThinkriteTest" */ = {
			isa = XCConfigurationList;
			buildConfigurations = (
				6499D1E91EB042DB00509D40 /* Debug */,
				6499D1EA1EB042DB00509D40 /* Release */,
			);
			defaultConfigurationIsVisible = 0;
		};
/* End XCConfigurationList section */
	};
	rootObject = 6499D1C91EB042DB00509D40 /* Project object */;
}
